// !$*UTF8*$!
{
	archiveVersion = 1;
	classes = {
	};
	objectVersion = 50;
	objects = {

/* Begin PBXBuildFile section */
		345281E02667AE050019D15A /* Note+CoreDataClass.swift in Sources */ = {isa = PBXBuildFile; fileRef = 345281DE2667AE050019D15A /* Note+CoreDataClass.swift */; };
		345281E12667AE050019D15A /* Note+CoreDataProperties.swift in Sources */ = {isa = PBXBuildFile; fileRef = 345281DF2667AE050019D15A /* Note+CoreDataProperties.swift */; };
		345281E62667AF620019D15A /* HomeView.swift in Sources */ = {isa = PBXBuildFile; fileRef = 345281E52667AF620019D15A /* HomeView.swift */; };
		348589FF26663B180078F503 /* VoCapApp.swift in Sources */ = {isa = PBXBuildFile; fileRef = 348589FE26663B180078F503 /* VoCapApp.swift */; };
		34858A0326663B190078F503 /* Assets.xcassets in Resources */ = {isa = PBXBuildFile; fileRef = 34858A0226663B190078F503 /* Assets.xcassets */; };
		34858A0626663B190078F503 /* Preview Assets.xcassets in Resources */ = {isa = PBXBuildFile; fileRef = 34858A0526663B190078F503 /* Preview Assets.xcassets */; };
		34858A0826663B190078F503 /* Persistence.swift in Sources */ = {isa = PBXBuildFile; fileRef = 34858A0726663B190078F503 /* Persistence.swift */; };
		34858A0B26663B190078F503 /* VoCap.xcdatamodeld in Sources */ = {isa = PBXBuildFile; fileRef = 34858A0926663B190078F503 /* VoCap.xcdatamodeld */; };
		34858A1626663B1A0078F503 /* VoCapTests.swift in Sources */ = {isa = PBXBuildFile; fileRef = 34858A1526663B1A0078F503 /* VoCapTests.swift */; };
		34858A2126663B1A0078F503 /* VoCapUITests.swift in Sources */ = {isa = PBXBuildFile; fileRef = 34858A2026663B1A0078F503 /* VoCapUITests.swift */; };
		34E063BF266E2E0D00C7B85F /* SettingsView.swift in Sources */ = {isa = PBXBuildFile; fileRef = 34E063BE266E2E0D00C7B85F /* SettingsView.swift */; };
		34E063E9266E322E00C7B85F /* NoteDetailView.swift in Sources */ = {isa = PBXBuildFile; fileRef = 34E063E8266E322E00C7B85F /* NoteDetailView.swift */; };
		34E063EE266E323900C7B85F /* NoteModifierView.swift in Sources */ = {isa = PBXBuildFile; fileRef = 34E063ED266E323900C7B85F /* NoteModifierView.swift */; };
/* End PBXBuildFile section */

/* Begin PBXContainerItemProxy section */
		34858A1226663B1A0078F503 /* PBXContainerItemProxy */ = {
			isa = PBXContainerItemProxy;
			containerPortal = 348589F326663B180078F503 /* Project object */;
			proxyType = 1;
			remoteGlobalIDString = 348589FA26663B180078F503;
			remoteInfo = VoCap;
		};
		34858A1D26663B1A0078F503 /* PBXContainerItemProxy */ = {
			isa = PBXContainerItemProxy;
			containerPortal = 348589F326663B180078F503 /* Project object */;
			proxyType = 1;
			remoteGlobalIDString = 348589FA26663B180078F503;
			remoteInfo = VoCap;
		};
/* End PBXContainerItemProxy section */

/* Begin PBXFileReference section */
		345281DE2667AE050019D15A /* Note+CoreDataClass.swift */ = {isa = PBXFileReference; lastKnownFileType = sourcecode.swift; path = "Note+CoreDataClass.swift"; sourceTree = "<group>"; };
		345281DF2667AE050019D15A /* Note+CoreDataProperties.swift */ = {isa = PBXFileReference; lastKnownFileType = sourcecode.swift; path = "Note+CoreDataProperties.swift"; sourceTree = "<group>"; };
		345281E52667AF620019D15A /* HomeView.swift */ = {isa = PBXFileReference; lastKnownFileType = sourcecode.swift; path = HomeView.swift; sourceTree = "<group>"; };
		348589FB26663B180078F503 /* VoCap.app */ = {isa = PBXFileReference; explicitFileType = wrapper.application; includeInIndex = 0; path = VoCap.app; sourceTree = BUILT_PRODUCTS_DIR; };
		348589FE26663B180078F503 /* VoCapApp.swift */ = {isa = PBXFileReference; lastKnownFileType = sourcecode.swift; path = VoCapApp.swift; sourceTree = "<group>"; };
		34858A0226663B190078F503 /* Assets.xcassets */ = {isa = PBXFileReference; lastKnownFileType = folder.assetcatalog; path = Assets.xcassets; sourceTree = "<group>"; };
		34858A0526663B190078F503 /* Preview Assets.xcassets */ = {isa = PBXFileReference; lastKnownFileType = folder.assetcatalog; path = "Preview Assets.xcassets"; sourceTree = "<group>"; };
		34858A0726663B190078F503 /* Persistence.swift */ = {isa = PBXFileReference; lastKnownFileType = sourcecode.swift; path = Persistence.swift; sourceTree = "<group>"; };
		34858A0A26663B190078F503 /* VoCap.xcdatamodel */ = {isa = PBXFileReference; lastKnownFileType = wrapper.xcdatamodel; path = VoCap.xcdatamodel; sourceTree = "<group>"; };
		34858A0C26663B190078F503 /* Info.plist */ = {isa = PBXFileReference; lastKnownFileType = text.plist.xml; path = Info.plist; sourceTree = "<group>"; };
		34858A1126663B1A0078F503 /* VoCapTests.xctest */ = {isa = PBXFileReference; explicitFileType = wrapper.cfbundle; includeInIndex = 0; path = VoCapTests.xctest; sourceTree = BUILT_PRODUCTS_DIR; };
		34858A1526663B1A0078F503 /* VoCapTests.swift */ = {isa = PBXFileReference; lastKnownFileType = sourcecode.swift; path = VoCapTests.swift; sourceTree = "<group>"; };
		34858A1726663B1A0078F503 /* Info.plist */ = {isa = PBXFileReference; lastKnownFileType = text.plist.xml; path = Info.plist; sourceTree = "<group>"; };
		34858A1C26663B1A0078F503 /* VoCapUITests.xctest */ = {isa = PBXFileReference; explicitFileType = wrapper.cfbundle; includeInIndex = 0; path = VoCapUITests.xctest; sourceTree = BUILT_PRODUCTS_DIR; };
		34858A2026663B1A0078F503 /* VoCapUITests.swift */ = {isa = PBXFileReference; lastKnownFileType = sourcecode.swift; path = VoCapUITests.swift; sourceTree = "<group>"; };
		34858A2226663B1A0078F503 /* Info.plist */ = {isa = PBXFileReference; lastKnownFileType = text.plist.xml; path = Info.plist; sourceTree = "<group>"; };
		34E063BE266E2E0D00C7B85F /* SettingsView.swift */ = {isa = PBXFileReference; lastKnownFileType = sourcecode.swift; path = SettingsView.swift; sourceTree = "<group>"; };
		34E063E8266E322E00C7B85F /* NoteDetailView.swift */ = {isa = PBXFileReference; lastKnownFileType = sourcecode.swift; path = NoteDetailView.swift; sourceTree = "<group>"; };
		34E063ED266E323900C7B85F /* NoteModifierView.swift */ = {isa = PBXFileReference; lastKnownFileType = sourcecode.swift; path = NoteModifierView.swift; sourceTree = "<group>"; };
/* End PBXFileReference section */

/* Begin PBXFrameworksBuildPhase section */
		348589F826663B180078F503 /* Frameworks */ = {
			isa = PBXFrameworksBuildPhase;
			buildActionMask = 2147483647;
			files = (
			);
			runOnlyForDeploymentPostprocessing = 0;
		};
		34858A0E26663B1A0078F503 /* Frameworks */ = {
			isa = PBXFrameworksBuildPhase;
			buildActionMask = 2147483647;
			files = (
			);
			runOnlyForDeploymentPostprocessing = 0;
		};
		34858A1926663B1A0078F503 /* Frameworks */ = {
			isa = PBXFrameworksBuildPhase;
			buildActionMask = 2147483647;
			files = (
			);
			runOnlyForDeploymentPostprocessing = 0;
		};
/* End PBXFrameworksBuildPhase section */

/* Begin PBXGroup section */
		348589F226663B180078F503 = {
			isa = PBXGroup;
			children = (
				34E063B4266E2CEA00C7B85F /* Core Data */,
				348589FD26663B180078F503 /* VoCap */,
				34858A1426663B1A0078F503 /* VoCapTests */,
				34858A1F26663B1A0078F503 /* VoCapUITests */,
				348589FC26663B180078F503 /* Products */,
			);
			sourceTree = "<group>";
		};
		348589FC26663B180078F503 /* Products */ = {
			isa = PBXGroup;
			children = (
				348589FB26663B180078F503 /* VoCap.app */,
				34858A1126663B1A0078F503 /* VoCapTests.xctest */,
				34858A1C26663B1A0078F503 /* VoCapUITests.xctest */,
			);
			name = Products;
			sourceTree = "<group>";
		};
		348589FD26663B180078F503 /* VoCap */ = {
			isa = PBXGroup;
			children = (
				348589FE26663B180078F503 /* VoCapApp.swift */,
				34858A0726663B190078F503 /* Persistence.swift */,
				34858A0926663B190078F503 /* VoCap.xcdatamodeld */,
				34858A0C26663B190078F503 /* Info.plist */,
				34E063BD266E2DF900C7B85F /* User Interfaces */,
				34E063B9266E2D6000C7B85F /* Resources */,
				34858A0426663B190078F503 /* Preview Content */,
			);
			path = VoCap;
			sourceTree = "<group>";
		};
		34858A0426663B190078F503 /* Preview Content */ = {
			isa = PBXGroup;
			children = (
				34858A0526663B190078F503 /* Preview Assets.xcassets */,
			);
			path = "Preview Content";
			sourceTree = "<group>";
		};
		34858A1426663B1A0078F503 /* VoCapTests */ = {
			isa = PBXGroup;
			children = (
				34858A1526663B1A0078F503 /* VoCapTests.swift */,
				34858A1726663B1A0078F503 /* Info.plist */,
			);
			path = VoCapTests;
			sourceTree = "<group>";
		};
		34858A1F26663B1A0078F503 /* VoCapUITests */ = {
			isa = PBXGroup;
			children = (
				34858A2026663B1A0078F503 /* VoCapUITests.swift */,
				34858A2226663B1A0078F503 /* Info.plist */,
			);
			path = VoCapUITests;
			sourceTree = "<group>";
		};
		34E063B4266E2CEA00C7B85F /* Core Data */ = {
			isa = PBXGroup;
			children = (
				345281DE2667AE050019D15A /* Note+CoreDataClass.swift */,
				345281DF2667AE050019D15A /* Note+CoreDataProperties.swift */,
			);
			path = "Core Data";
			sourceTree = "<group>";
		};
		34E063B9266E2D6000C7B85F /* Resources */ = {
			isa = PBXGroup;
			children = (
				34858A0226663B190078F503 /* Assets.xcassets */,
			);
			path = Resources;
			sourceTree = "<group>";
		};
		34E063BD266E2DF900C7B85F /* User Interfaces */ = {
			isa = PBXGroup;
			children = (
				345281E52667AF620019D15A /* HomeView.swift */,
				34E063E7266E31E500C7B85F /* NoteModifierView */,
				34E063E6266E319100C7B85F /* NoteDetailView */,
				34E063D1266E304200C7B85F /* Settings */,
			);
			path = "User Interfaces";
			sourceTree = "<group>";
		};
		34E063D1266E304200C7B85F /* Settings */ = {
			isa = PBXGroup;
			children = (
				34E063BE266E2E0D00C7B85F /* SettingsView.swift */,
			);
			path = Settings;
			sourceTree = "<group>";
		};
		34E063E6266E319100C7B85F /* NoteDetailView */ = {
			isa = PBXGroup;
			children = (
				34E063E8266E322E00C7B85F /* NoteDetailView.swift */,
			);
			path = NoteDetailView;
			sourceTree = "<group>";
		};
		34E063E7266E31E500C7B85F /* NoteModifierView */ = {
			isa = PBXGroup;
			children = (
				34E063ED266E323900C7B85F /* NoteModifierView.swift */,
			);
			path = NoteModifierView;
			sourceTree = "<group>";
		};
/* End PBXGroup section */

/* Begin PBXNativeTarget section */
		348589FA26663B180078F503 /* VoCap */ = {
			isa = PBXNativeTarget;
			buildConfigurationList = 34858A2526663B1A0078F503 /* Build configuration list for PBXNativeTarget "VoCap" */;
			buildPhases = (
				348589F726663B180078F503 /* Sources */,
				348589F826663B180078F503 /* Frameworks */,
				348589F926663B180078F503 /* Resources */,
			);
			buildRules = (
			);
			dependencies = (
			);
			name = VoCap;
			productName = VoCap;
			productReference = 348589FB26663B180078F503 /* VoCap.app */;
			productType = "com.apple.product-type.application";
		};
		34858A1026663B1A0078F503 /* VoCapTests */ = {
			isa = PBXNativeTarget;
			buildConfigurationList = 34858A2826663B1A0078F503 /* Build configuration list for PBXNativeTarget "VoCapTests" */;
			buildPhases = (
				34858A0D26663B1A0078F503 /* Sources */,
				34858A0E26663B1A0078F503 /* Frameworks */,
				34858A0F26663B1A0078F503 /* Resources */,
			);
			buildRules = (
			);
			dependencies = (
				34858A1326663B1A0078F503 /* PBXTargetDependency */,
			);
			name = VoCapTests;
			productName = VoCapTests;
			productReference = 34858A1126663B1A0078F503 /* VoCapTests.xctest */;
			productType = "com.apple.product-type.bundle.unit-test";
		};
		34858A1B26663B1A0078F503 /* VoCapUITests */ = {
			isa = PBXNativeTarget;
			buildConfigurationList = 34858A2B26663B1A0078F503 /* Build configuration list for PBXNativeTarget "VoCapUITests" */;
			buildPhases = (
				34858A1826663B1A0078F503 /* Sources */,
				34858A1926663B1A0078F503 /* Frameworks */,
				34858A1A26663B1A0078F503 /* Resources */,
			);
			buildRules = (
			);
			dependencies = (
				34858A1E26663B1A0078F503 /* PBXTargetDependency */,
			);
			name = VoCapUITests;
			productName = VoCapUITests;
			productReference = 34858A1C26663B1A0078F503 /* VoCapUITests.xctest */;
			productType = "com.apple.product-type.bundle.ui-testing";
		};
/* End PBXNativeTarget section */

/* Begin PBXProject section */
		348589F326663B180078F503 /* Project object */ = {
			isa = PBXProject;
			attributes = {
				LastSwiftUpdateCheck = 1240;
				LastUpgradeCheck = 1240;
				TargetAttributes = {
					348589FA26663B180078F503 = {
						CreatedOnToolsVersion = 12.4;
					};
					34858A1026663B1A0078F503 = {
						CreatedOnToolsVersion = 12.4;
						TestTargetID = 348589FA26663B180078F503;
					};
					34858A1B26663B1A0078F503 = {
						CreatedOnToolsVersion = 12.4;
						TestTargetID = 348589FA26663B180078F503;
					};
				};
			};
			buildConfigurationList = 348589F626663B180078F503 /* Build configuration list for PBXProject "VoCap" */;
			compatibilityVersion = "Xcode 9.3";
			developmentRegion = en;
			hasScannedForEncodings = 0;
			knownRegions = (
				en,
				Base,
			);
			mainGroup = 348589F226663B180078F503;
			productRefGroup = 348589FC26663B180078F503 /* Products */;
			projectDirPath = "";
			projectRoot = "";
			targets = (
				348589FA26663B180078F503 /* VoCap */,
				34858A1026663B1A0078F503 /* VoCapTests */,
				34858A1B26663B1A0078F503 /* VoCapUITests */,
			);
		};
/* End PBXProject section */

/* Begin PBXResourcesBuildPhase section */
		348589F926663B180078F503 /* Resources */ = {
			isa = PBXResourcesBuildPhase;
			buildActionMask = 2147483647;
			files = (
				34858A0626663B190078F503 /* Preview Assets.xcassets in Resources */,
				34858A0326663B190078F503 /* Assets.xcassets in Resources */,
			);
			runOnlyForDeploymentPostprocessing = 0;
		};
		34858A0F26663B1A0078F503 /* Resources */ = {
			isa = PBXResourcesBuildPhase;
			buildActionMask = 2147483647;
			files = (
			);
			runOnlyForDeploymentPostprocessing = 0;
		};
		34858A1A26663B1A0078F503 /* Resources */ = {
			isa = PBXResourcesBuildPhase;
			buildActionMask = 2147483647;
			files = (
			);
			runOnlyForDeploymentPostprocessing = 0;
		};
/* End PBXResourcesBuildPhase section */

/* Begin PBXSourcesBuildPhase section */
		348589F726663B180078F503 /* Sources */ = {
			isa = PBXSourcesBuildPhase;
			buildActionMask = 2147483647;
			files = (
				34858A0826663B190078F503 /* Persistence.swift in Sources */,
				345281E02667AE050019D15A /* Note+CoreDataClass.swift in Sources */,
				348589FF26663B180078F503 /* VoCapApp.swift in Sources */,
				34E063E9266E322E00C7B85F /* NoteDetailView.swift in Sources */,
				34858A0B26663B190078F503 /* VoCap.xcdatamodeld in Sources */,
				34E063BF266E2E0D00C7B85F /* SettingsView.swift in Sources */,
				345281E12667AE050019D15A /* Note+CoreDataProperties.swift in Sources */,
				34E063EE266E323900C7B85F /* NoteModifierView.swift in Sources */,
				345281E62667AF620019D15A /* HomeView.swift in Sources */,
			);
			runOnlyForDeploymentPostprocessing = 0;
		};
		34858A0D26663B1A0078F503 /* Sources */ = {
			isa = PBXSourcesBuildPhase;
			buildActionMask = 2147483647;
			files = (
				34858A1626663B1A0078F503 /* VoCapTests.swift in Sources */,
			);
			runOnlyForDeploymentPostprocessing = 0;
		};
		34858A1826663B1A0078F503 /* Sources */ = {
			isa = PBXSourcesBuildPhase;
			buildActionMask = 2147483647;
			files = (
				34858A2126663B1A0078F503 /* VoCapUITests.swift in Sources */,
			);
			runOnlyForDeploymentPostprocessing = 0;
		};
/* End PBXSourcesBuildPhase section */

/* Begin PBXTargetDependency section */
		34858A1326663B1A0078F503 /* PBXTargetDependency */ = {
			isa = PBXTargetDependency;
			target = 348589FA26663B180078F503 /* VoCap */;
			targetProxy = 34858A1226663B1A0078F503 /* PBXContainerItemProxy */;
		};
		34858A1E26663B1A0078F503 /* PBXTargetDependency */ = {
			isa = PBXTargetDependency;
			target = 348589FA26663B180078F503 /* VoCap */;
			targetProxy = 34858A1D26663B1A0078F503 /* PBXContainerItemProxy */;
		};
/* End PBXTargetDependency section */

/* Begin XCBuildConfiguration section */
		34858A2326663B1A0078F503 /* Debug */ = {
			isa = XCBuildConfiguration;
			buildSettings = {
				ALWAYS_SEARCH_USER_PATHS = NO;
				CLANG_ANALYZER_NONNULL = YES;
				CLANG_ANALYZER_NUMBER_OBJECT_CONVERSION = YES_AGGRESSIVE;
				CLANG_CXX_LANGUAGE_STANDARD = "gnu++14";
				CLANG_CXX_LIBRARY = "libc++";
				CLANG_ENABLE_MODULES = YES;
				CLANG_ENABLE_OBJC_ARC = YES;
				CLANG_ENABLE_OBJC_WEAK = YES;
				CLANG_WARN_BLOCK_CAPTURE_AUTORELEASING = YES;
				CLANG_WARN_BOOL_CONVERSION = YES;
				CLANG_WARN_COMMA = YES;
				CLANG_WARN_CONSTANT_CONVERSION = YES;
				CLANG_WARN_DEPRECATED_OBJC_IMPLEMENTATIONS = YES;
				CLANG_WARN_DIRECT_OBJC_ISA_USAGE = YES_ERROR;
				CLANG_WARN_DOCUMENTATION_COMMENTS = YES;
				CLANG_WARN_EMPTY_BODY = YES;
				CLANG_WARN_ENUM_CONVERSION = YES;
				CLANG_WARN_INFINITE_RECURSION = YES;
				CLANG_WARN_INT_CONVERSION = YES;
				CLANG_WARN_NON_LITERAL_NULL_CONVERSION = YES;
				CLANG_WARN_OBJC_IMPLICIT_RETAIN_SELF = YES;
				CLANG_WARN_OBJC_LITERAL_CONVERSION = YES;
				CLANG_WARN_OBJC_ROOT_CLASS = YES_ERROR;
				CLANG_WARN_QUOTED_INCLUDE_IN_FRAMEWORK_HEADER = YES;
				CLANG_WARN_RANGE_LOOP_ANALYSIS = YES;
				CLANG_WARN_STRICT_PROTOTYPES = YES;
				CLANG_WARN_SUSPICIOUS_MOVE = YES;
				CLANG_WARN_UNGUARDED_AVAILABILITY = YES_AGGRESSIVE;
				CLANG_WARN_UNREACHABLE_CODE = YES;
				CLANG_WARN__DUPLICATE_METHOD_MATCH = YES;
				COPY_PHASE_STRIP = NO;
				DEBUG_INFORMATION_FORMAT = dwarf;
				ENABLE_STRICT_OBJC_MSGSEND = YES;
				ENABLE_TESTABILITY = YES;
				GCC_C_LANGUAGE_STANDARD = gnu11;
				GCC_DYNAMIC_NO_PIC = NO;
				GCC_NO_COMMON_BLOCKS = YES;
				GCC_OPTIMIZATION_LEVEL = 0;
				GCC_PREPROCESSOR_DEFINITIONS = (
					"DEBUG=1",
					"$(inherited)",
				);
				GCC_WARN_64_TO_32_BIT_CONVERSION = YES;
				GCC_WARN_ABOUT_RETURN_TYPE = YES_ERROR;
				GCC_WARN_UNDECLARED_SELECTOR = YES;
				GCC_WARN_UNINITIALIZED_AUTOS = YES_AGGRESSIVE;
				GCC_WARN_UNUSED_FUNCTION = YES;
				GCC_WARN_UNUSED_VARIABLE = YES;
				IPHONEOS_DEPLOYMENT_TARGET = 14.4;
				MTL_ENABLE_DEBUG_INFO = INCLUDE_SOURCE;
				MTL_FAST_MATH = YES;
				ONLY_ACTIVE_ARCH = YES;
				SDKROOT = iphoneos;
				SWIFT_ACTIVE_COMPILATION_CONDITIONS = DEBUG;
				SWIFT_OPTIMIZATION_LEVEL = "-Onone";
			};
			name = Debug;
		};
		34858A2426663B1A0078F503 /* Release */ = {
			isa = XCBuildConfiguration;
			buildSettings = {
				ALWAYS_SEARCH_USER_PATHS = NO;
				CLANG_ANALYZER_NONNULL = YES;
				CLANG_ANALYZER_NUMBER_OBJECT_CONVERSION = YES_AGGRESSIVE;
				CLANG_CXX_LANGUAGE_STANDARD = "gnu++14";
				CLANG_CXX_LIBRARY = "libc++";
				CLANG_ENABLE_MODULES = YES;
				CLANG_ENABLE_OBJC_ARC = YES;
				CLANG_ENABLE_OBJC_WEAK = YES;
				CLANG_WARN_BLOCK_CAPTURE_AUTORELEASING = YES;
				CLANG_WARN_BOOL_CONVERSION = YES;
				CLANG_WARN_COMMA = YES;
				CLANG_WARN_CONSTANT_CONVERSION = YES;
				CLANG_WARN_DEPRECATED_OBJC_IMPLEMENTATIONS = YES;
				CLANG_WARN_DIRECT_OBJC_ISA_USAGE = YES_ERROR;
				CLANG_WARN_DOCUMENTATION_COMMENTS = YES;
				CLANG_WARN_EMPTY_BODY = YES;
				CLANG_WARN_ENUM_CONVERSION = YES;
				CLANG_WARN_INFINITE_RECURSION = YES;
				CLANG_WARN_INT_CONVERSION = YES;
				CLANG_WARN_NON_LITERAL_NULL_CONVERSION = YES;
				CLANG_WARN_OBJC_IMPLICIT_RETAIN_SELF = YES;
				CLANG_WARN_OBJC_LITERAL_CONVERSION = YES;
				CLANG_WARN_OBJC_ROOT_CLASS = YES_ERROR;
				CLANG_WARN_QUOTED_INCLUDE_IN_FRAMEWORK_HEADER = YES;
				CLANG_WARN_RANGE_LOOP_ANALYSIS = YES;
				CLANG_WARN_STRICT_PROTOTYPES = YES;
				CLANG_WARN_SUSPICIOUS_MOVE = YES;
				CLANG_WARN_UNGUARDED_AVAILABILITY = YES_AGGRESSIVE;
				CLANG_WARN_UNREACHABLE_CODE = YES;
				CLANG_WARN__DUPLICATE_METHOD_MATCH = YES;
				COPY_PHASE_STRIP = NO;
				DEBUG_INFORMATION_FORMAT = "dwarf-with-dsym";
				ENABLE_NS_ASSERTIONS = NO;
				ENABLE_STRICT_OBJC_MSGSEND = YES;
				GCC_C_LANGUAGE_STANDARD = gnu11;
				GCC_NO_COMMON_BLOCKS = YES;
				GCC_WARN_64_TO_32_BIT_CONVERSION = YES;
				GCC_WARN_ABOUT_RETURN_TYPE = YES_ERROR;
				GCC_WARN_UNDECLARED_SELECTOR = YES;
				GCC_WARN_UNINITIALIZED_AUTOS = YES_AGGRESSIVE;
				GCC_WARN_UNUSED_FUNCTION = YES;
				GCC_WARN_UNUSED_VARIABLE = YES;
				IPHONEOS_DEPLOYMENT_TARGET = 14.4;
				MTL_ENABLE_DEBUG_INFO = NO;
				MTL_FAST_MATH = YES;
				SDKROOT = iphoneos;
				SWIFT_COMPILATION_MODE = wholemodule;
				SWIFT_OPTIMIZATION_LEVEL = "-O";
				VALIDATE_PRODUCT = YES;
			};
			name = Release;
		};
		34858A2626663B1A0078F503 /* Debug */ = {
			isa = XCBuildConfiguration;
			buildSettings = {
				ASSETCATALOG_COMPILER_APPICON_NAME = AppIcon;
				ASSETCATALOG_COMPILER_GLOBAL_ACCENT_COLOR_NAME = AccentColor;
				CODE_SIGN_STYLE = Automatic;
				DEVELOPMENT_ASSET_PATHS = "\"VoCap/Preview Content\"";
				DEVELOPMENT_TEAM = LGU69RG34G;
				ENABLE_PREVIEWS = YES;
				INFOPLIST_FILE = VoCap/Info.plist;
				IPHONEOS_DEPLOYMENT_TARGET = 14.0;
				LD_RUNPATH_SEARCH_PATHS = (
					"$(inherited)",
					"@executable_path/Frameworks",
				);
				PRODUCT_BUNDLE_IDENTIFIER = com.Taeminator.VoCap;
				PRODUCT_NAME = "$(TARGET_NAME)";
				SWIFT_VERSION = 5.0;
				TARGETED_DEVICE_FAMILY = "1,2";
			};
			name = Debug;
		};
		34858A2726663B1A0078F503 /* Release */ = {
			isa = XCBuildConfiguration;
			buildSettings = {
				ASSETCATALOG_COMPILER_APPICON_NAME = AppIcon;
				ASSETCATALOG_COMPILER_GLOBAL_ACCENT_COLOR_NAME = AccentColor;
				CODE_SIGN_STYLE = Automatic;
				DEVELOPMENT_ASSET_PATHS = "\"VoCap/Preview Content\"";
				DEVELOPMENT_TEAM = LGU69RG34G;
				ENABLE_PREVIEWS = YES;
				INFOPLIST_FILE = VoCap/Info.plist;
				IPHONEOS_DEPLOYMENT_TARGET = 14.0;
				LD_RUNPATH_SEARCH_PATHS = (
					"$(inherited)",
					"@executable_path/Frameworks",
				);
				PRODUCT_BUNDLE_IDENTIFIER = com.Taeminator.VoCap;
				PRODUCT_NAME = "$(TARGET_NAME)";
				SWIFT_VERSION = 5.0;
				TARGETED_DEVICE_FAMILY = "1,2";
			};
			name = Release;
		};
		34858A2926663B1A0078F503 /* Debug */ = {
			isa = XCBuildConfiguration;
			buildSettings = {
				ALWAYS_EMBED_SWIFT_STANDARD_LIBRARIES = YES;
				BUNDLE_LOADER = "$(TEST_HOST)";
				CODE_SIGN_STYLE = Automatic;
				DEVELOPMENT_TEAM = LGU69RG34G;
				INFOPLIST_FILE = VoCapTests/Info.plist;
				IPHONEOS_DEPLOYMENT_TARGET = 14.0;
				LD_RUNPATH_SEARCH_PATHS = (
					"$(inherited)",
					"@executable_path/Frameworks",
					"@loader_path/Frameworks",
				);
				PRODUCT_BUNDLE_IDENTIFIER = com.Taeminator.VoCapTests;
				PRODUCT_NAME = "$(TARGET_NAME)";
				SWIFT_VERSION = 5.0;
				TARGETED_DEVICE_FAMILY = "1,2";
				TEST_HOST = "$(BUILT_PRODUCTS_DIR)/VoCap.app/VoCap";
			};
			name = Debug;
		};
		34858A2A26663B1A0078F503 /* Release */ = {
			isa = XCBuildConfiguration;
			buildSettings = {
				ALWAYS_EMBED_SWIFT_STANDARD_LIBRARIES = YES;
				BUNDLE_LOADER = "$(TEST_HOST)";
				CODE_SIGN_STYLE = Automatic;
				DEVELOPMENT_TEAM = LGU69RG34G;
				INFOPLIST_FILE = VoCapTests/Info.plist;
				IPHONEOS_DEPLOYMENT_TARGET = 14.0;
				LD_RUNPATH_SEARCH_PATHS = (
					"$(inherited)",
					"@executable_path/Frameworks",
					"@loader_path/Frameworks",
				);
				PRODUCT_BUNDLE_IDENTIFIER = com.Taeminator.VoCapTests;
				PRODUCT_NAME = "$(TARGET_NAME)";
				SWIFT_VERSION = 5.0;
				TARGETED_DEVICE_FAMILY = "1,2";
				TEST_HOST = "$(BUILT_PRODUCTS_DIR)/VoCap.app/VoCap";
			};
			name = Release;
		};
		34858A2C26663B1A0078F503 /* Debug */ = {
			isa = XCBuildConfiguration;
			buildSettings = {
				ALWAYS_EMBED_SWIFT_STANDARD_LIBRARIES = YES;
				CODE_SIGN_STYLE = Automatic;
				DEVELOPMENT_TEAM = LGU69RG34G;
				INFOPLIST_FILE = VoCapUITests/Info.plist;
				LD_RUNPATH_SEARCH_PATHS = (
					"$(inherited)",
					"@executable_path/Frameworks",
					"@loader_path/Frameworks",
				);
				PRODUCT_BUNDLE_IDENTIFIER = com.Taeminator.VoCapUITests;
				PRODUCT_NAME = "$(TARGET_NAME)";
				SWIFT_VERSION = 5.0;
				TARGETED_DEVICE_FAMILY = "1,2";
				TEST_TARGET_NAME = VoCap;
			};
			name = Debug;
		};
		34858A2D26663B1A0078F503 /* Release */ = {
			isa = XCBuildConfiguration;
			buildSettings = {
				ALWAYS_EMBED_SWIFT_STANDARD_LIBRARIES = YES;
				CODE_SIGN_STYLE = Automatic;
				DEVELOPMENT_TEAM = LGU69RG34G;
				INFOPLIST_FILE = VoCapUITests/Info.plist;
				LD_RUNPATH_SEARCH_PATHS = (
					"$(inherited)",
					"@executable_path/Frameworks",
					"@loader_path/Frameworks",
				);
				PRODUCT_BUNDLE_IDENTIFIER = com.Taeminator.VoCapUITests;
				PRODUCT_NAME = "$(TARGET_NAME)";
				SWIFT_VERSION = 5.0;
				TARGETED_DEVICE_FAMILY = "1,2";
				TEST_TARGET_NAME = VoCap;
			};
			name = Release;
		};
/* End XCBuildConfiguration section */

/* Begin XCConfigurationList section */
		348589F626663B180078F503 /* Build configuration list for PBXProject "VoCap" */ = {
			isa = XCConfigurationList;
			buildConfigurations = (
				34858A2326663B1A0078F503 /* Debug */,
				34858A2426663B1A0078F503 /* Release */,
			);
			defaultConfigurationIsVisible = 0;
			defaultConfigurationName = Release;
		};
		34858A2526663B1A0078F503 /* Build configuration list for PBXNativeTarget "VoCap" */ = {
			isa = XCConfigurationList;
			buildConfigurations = (
				34858A2626663B1A0078F503 /* Debug */,
				34858A2726663B1A0078F503 /* Release */,
			);
			defaultConfigurationIsVisible = 0;
			defaultConfigurationName = Release;
		};
		34858A2826663B1A0078F503 /* Build configuration list for PBXNativeTarget "VoCapTests" */ = {
			isa = XCConfigurationList;
			buildConfigurations = (
				34858A2926663B1A0078F503 /* Debug */,
				34858A2A26663B1A0078F503 /* Release */,
			);
			defaultConfigurationIsVisible = 0;
			defaultConfigurationName = Release;
		};
		34858A2B26663B1A0078F503 /* Build configuration list for PBXNativeTarget "VoCapUITests" */ = {
			isa = XCConfigurationList;
			buildConfigurations = (
				34858A2C26663B1A0078F503 /* Debug */,
				34858A2D26663B1A0078F503 /* Release */,
			);
			defaultConfigurationIsVisible = 0;
			defaultConfigurationName = Release;
		};
/* End XCConfigurationList section */

/* Begin XCVersionGroup section */
		34858A0926663B190078F503 /* VoCap.xcdatamodeld */ = {
			isa = XCVersionGroup;
			children = (
				34858A0A26663B190078F503 /* VoCap.xcdatamodel */,
			);
			currentVersion = 34858A0A26663B190078F503 /* VoCap.xcdatamodel */;
			path = VoCap.xcdatamodeld;
			sourceTree = "<group>";
			versionGroupType = wrapper.xcdatamodel;
		};
/* End XCVersionGroup section */
	};
	rootObject = 348589F326663B180078F503 /* Project object */;
}
